
Microsoft Visual Studio Solution File, Format Version 12.00
# Visual Studio Version 17
VisualStudioVersion = 17.0.32014.148
MinimumVisualStudioVersion = 10.0.40219.1
Project("{FAE04EC0-301F-11D3-BF4B-00C04F79EFBC}") = "userInput", "userInput.csproj", "{7D5B2A6B-E0C8-467E-B8BE-88722BB30A68}"
EndProject
Global
	GlobalSection(SolutionConfigurationPlatforms) = preSolution
		Debug|Any CPU = Debug|Any CPU
		Release|Any CPU = Release|Any CPU
	EndGlobalSection
	GlobalSection(ProjectConfigurationPlatforms) = postSolution
		{7D5B2A6B-E0C8-467E-B8BE-88722BB30A68}.Debug|Any CPU.ActiveCfg = Debug|Any CPU
		{7D5B2A6B-E0C8-467E-B8BE-88722BB30A68}.Debug|Any CPU.Build.0 = Debug|Any CPU
		{7D5B2A6B-E0C8-467E-B8BE-88722BB30A68}.Release|Any CPU.ActiveCfg = Release|Any CPU
		{7D5B2A6B-E0C8-467E-B8BE-88722BB30A68}.Release|Any CPU.Build.0 = Release|Any CPU
	EndGlobalSection
	GlobalSection(SolutionProperties) = preSolution
		HideSolutionNode = FALSE
	EndGlobalSection
	GlobalSection(ExtensibilityGlobals) = postSolution
		SolutionGuid = {62480A66-B2D6-4812-91E4-95758850E350}
	EndGlobalSection
EndGlobal
